
Microsoft Visual Studio Solution File, Format Version 12.00
# Visual Studio Version 17
VisualStudioVersion = 17.13.35931.197 d17.13
MinimumVisualStudioVersion = 10.0.40219.1
Project("{2150E333-8FDC-42A3-9474-1A3956D46DE8}") = "EmployeeManagement", "EmployeeManagement", "{02EA681E-C7D8-13C7-8484-4AC65E1B71E8}"
EndProject
Project("{FAE04EC0-301F-11D3-BF4B-00C04F79EFBC}") = "EmployeeManagement.Application", "EmployeeManagement.Application\EmployeeManagement.Application.csproj", "{CAFFFE24-A757-42B7-928D-4437463E650E}"
EndProject
Project("{FAE04EC0-301F-11D3-BF4B-00C04F79EFBC}") = "EmployeeManagement.Api", "EmployeeManagement.Api\EmployeeManagement.Api.csproj", "{387C1475-577F-4952-BC53-1D2B3312EEC8}"
EndProject
Global
	GlobalSection(SolutionConfigurationPlatforms) = preSolution
		Debug|Any CPU = Debug|Any CPU
		Release|Any CPU = Release|Any CPU
	EndGlobalSection
	GlobalSection(ProjectConfigurationPlatforms) = postSolution
		{CAFFFE24-A757-42B7-928D-4437463E650E}.Debug|Any CPU.ActiveCfg = Debug|Any CPU
		{CAFFFE24-A757-42B7-928D-4437463E650E}.Debug|Any CPU.Build.0 = Debug|Any CPU
		{CAFFFE24-A757-42B7-928D-4437463E650E}.Release|Any CPU.ActiveCfg = Release|Any CPU
		{CAFFFE24-A757-42B7-928D-4437463E650E}.Release|Any CPU.Build.0 = Release|Any CPU
		{387C1475-577F-4952-BC53-1D2B3312EEC8}.Debug|Any CPU.ActiveCfg = Debug|Any CPU
		{387C1475-577F-4952-BC53-1D2B3312EEC8}.Debug|Any CPU.Build.0 = Debug|Any CPU
		{387C1475-577F-4952-BC53-1D2B3312EEC8}.Release|Any CPU.ActiveCfg = Release|Any CPU
		{387C1475-577F-4952-BC53-1D2B3312EEC8}.Release|Any CPU.Build.0 = Release|Any CPU
	EndGlobalSection
	GlobalSection(SolutionProperties) = preSolution
		HideSolutionNode = FALSE
	EndGlobalSection
	GlobalSection(NestedProjects) = preSolution
		{CAFFFE24-A757-42B7-928D-4437463E650E} = {02EA681E-C7D8-13C7-8484-4AC65E1B71E8}
		{387C1475-577F-4952-BC53-1D2B3312EEC8} = {02EA681E-C7D8-13C7-8484-4AC65E1B71E8}
	EndGlobalSection
	GlobalSection(ExtensibilityGlobals) = postSolution
		SolutionGuid = {2C6C0E87-EF0A-450E-982B-734F0F812720}
	EndGlobalSection
EndGlobal
